
Microsoft Visual Studio Solution File, Format Version 12.00
# Visual Studio Version 17
VisualStudioVersion = 17.1.32228.430
MinimumVisualStudioVersion = 10.0.40219.1
Project("{FAE04EC0-301F-11D3-BF4B-00C04F79EFBC}") = "Otel", "Otel\Otel.csproj", "{DC3D036E-E51E-445F-AB3F-E107DFFCD72E}"
EndProject
Global
	GlobalSection(SolutionConfigurationPlatforms) = preSolution
		Debug|Any CPU = Debug|Any CPU
		Release|Any CPU = Release|Any CPU
	EndGlobalSection
	GlobalSection(ProjectConfigurationPlatforms) = postSolution
		{DC3D036E-E51E-445F-AB3F-E107DFFCD72E}.Debug|Any CPU.ActiveCfg = Debug|Any CPU
		{DC3D036E-E51E-445F-AB3F-E107DFFCD72E}.Debug|Any CPU.Build.0 = Debug|Any CPU
		{DC3D036E-E51E-445F-AB3F-E107DFFCD72E}.Release|Any CPU.ActiveCfg = Release|Any CPU
		{DC3D036E-E51E-445F-AB3F-E107DFFCD72E}.Release|Any CPU.Build.0 = Release|Any CPU
	EndGlobalSection
	GlobalSection(SolutionProperties) = preSolution
		HideSolutionNode = FALSE
	EndGlobalSection
	GlobalSection(ExtensibilityGlobals) = postSolution
		SolutionGuid = {32268D19-B79A-41AE-844D-80AB721016B0}
	EndGlobalSection
EndGlobal
